{
  "version": "3",
  "packages": {
    "specifiers": {
      "npm:zx": "npm:zx@8.1.4"
    },
    "npm": {
      "@types/fs-extra@11.0.4": {
        "integrity": "sha512-yTbItCNreRooED33qjunPthRcSjERP1r4MqCZc7wv0u2sUkzTFp45tgUfS5+r7FrZPdmCCNflLhVSP/o+SemsQ==",
        "dependencies": {
          "@types/jsonfile": "@types/jsonfile@6.1.4",
          "@types/node": "@types/node@18.16.19"
        }
      },
      "@types/jsonfile@6.1.4": {
        "integrity": "sha512-D5qGUYwjvnNNextdU59/+fI+spnwtTFmyQP0h+PfIOSkNfpU6AOICUOkm4i0OnSk+NyjdPJrxCDro0sJsWlRpQ==",
        "dependencies": {
          "@types/node": "@types/node@18.16.19"
        }
      },
      "@types/node@18.16.19": {
        "integrity": "sha512-IXl7o+R9iti9eBW4Wg2hx1xQDig183jj7YLn8F7udNceyfkbn1ZxmzZXuak20gR40D7pIkIY1kYGx5VIGbaHKA==",
        "dependencies": {}
      },
      "@types/node@22.2.0": {
        "integrity": "sha512-bm6EG6/pCpkxDf/0gDNDdtDILMOHgaQBVOJGdwsqClnxA3xL6jtMv76rLBc006RVMWbmaf0xbmom4Z/5o2nRkQ==",
        "dependencies": {
          "undici-types": "undici-types@6.13.0"
        }
      },
      "undici-types@6.13.0": {
        "integrity": "sha512-xtFJHudx8S2DSoujjMd1WeWvn7KKWFRESZTMeL1RptAYERu29D6jphMjjY+vn96jvN3kVPDNxU/E13VTaXj6jg==",
        "dependencies": {}
      },
      "zx@8.1.4": {
        "integrity": "sha512-QFDYYpnzdpRiJ3dL2102Cw26FpXpWshW4QLTGxiYfIcwdAqg084jRCkK/kuP/NOSkxOjydRwNFG81qzA5r1a6w==",
        "dependencies": {
          "@types/fs-extra": "@types/fs-extra@11.0.4",
          "@types/node": "@types/node@22.2.0"
        }
      }
    }
  },
  "remote": {},
  "workspace": {
    "packageJson": {
      "dependencies": [
        "npm:@microsoft/microsoft-graph-client@^3.0.1",
        "npm:@microsoft/microsoft-graph-types@^2.11.0",
        "npm:@types/compression@^1.7.0",
        "npm:@types/express@4.17.13",
        "npm:@types/jsonwebtoken@^9.0.0",
        "npm:@types/lodash@4.14.172",
        "npm:@types/node@^18",
        "npm:@types/passport-azure-ad@^4.3.0",
        "npm:@types/passport@^1.0.6",
        "npm:@types/pg@^8.6.2",
        "npm:@types/uuid@^8.3.0",
        "npm:@typescript-eslint/eslint-plugin@^5.7.0",
        "npm:@typescript-eslint/parser@^5.7.0",
        "npm:axios@^1.6.0",
        "npm:compression@^1.7.4",
        "npm:dotenv@10.0.0",
        "npm:eslint-config-prettier@^8.3.0",
        "npm:eslint-plugin-prettier@^4.0.0",
        "npm:eslint@^7.32.0",
        "npm:express@^4.17.3",
        "npm:isomorphic-fetch@^3.0.0",
        "npm:jsonwebtoken@^9.0.0",
        "npm:knex@^2.4.0",
        "npm:lodash@^4.17.21",
        "npm:lodash-es@4.17.21",
        "npm:nodemon@^3.0.1",
        "npm:passport-azure-ad@^4.3.4",
        "npm:pg@^8.3.0",
        "npm:prettier@^2.4.1",
        "npm:reflect-metadata@^0.1.13",
        "npm:ts-node@9.1.1",
        "npm:tsconfig-paths@^3.9.0",
        "npm:typedi@^0.10.0",
        "npm:typescript@4.4.4",
        "npm:uuid@^8.3.2",
        "npm:winston@^3.7.2"
      ]
    }
  }
}
